Microsoft Visual Studio Solution File, Format Version 12.00
# Visual Studio 15
VisualStudioVersion = 15.0.28307.168
MinimumVisualStudioVersion = 10.0.40219.1
Project("{9A19103F-16F7-4668-BE54-9A1E7A4F7556}") = "Tutorial.NHibernate.Core", "Tutorial.NHibernate.Core\Tutorial.NHibernate.Core.csproj", "{366E8DC2-31EB-42B3-9E89-FB1D77DF04FD}"
EndProject
Project("{FAE04EC0-301F-11D3-BF4B-00C04F79EFBC}") = "Tutorial.NHibernate.Tests", "Tutorial.NHibernate.Tests\Tutorial.NHibernate.Tests.csproj", "{984F77F1-6F19-4CC0-9D7D-2D65C92DDA1C}"
EndProject
Global
	GlobalSection(SolutionConfigurationPlatforms) = preSolution
		Debug|Any CPU = Debug|Any CPU
		Release|Any CPU = Release|Any CPU
	EndGlobalSection
	GlobalSection(ProjectConfigurationPlatforms) = postSolution
		{366E8DC2-31EB-42B3-9E89-FB1D77DF04FD}.Debug|Any CPU.ActiveCfg = Debug|Any CPU
		{366E8DC2-31EB-42B3-9E89-FB1D77DF04FD}.Debug|Any CPU.Build.0 = Debug|Any CPU
		{366E8DC2-31EB-42B3-9E89-FB1D77DF04FD}.Release|Any CPU.ActiveCfg = Release|Any CPU
		{366E8DC2-31EB-42B3-9E89-FB1D77DF04FD}.Release|Any CPU.Build.0 = Release|Any CPU
		{984F77F1-6F19-4CC0-9D7D-2D65C92DDA1C}.Debug|Any CPU.ActiveCfg = Debug|Any CPU
		{984F77F1-6F19-4CC0-9D7D-2D65C92DDA1C}.Debug|Any CPU.Build.0 = Debug|Any CPU
		{984F77F1-6F19-4CC0-9D7D-2D65C92DDA1C}.Release|Any CPU.ActiveCfg = Release|Any CPU
		{984F77F1-6F19-4CC0-9D7D-2D65C92DDA1C}.Release|Any CPU.Build.0 = Release|Any CPU
	EndGlobalSection
	GlobalSection(SolutionProperties) = preSolution
		HideSolutionNode = FALSE
	EndGlobalSection
	GlobalSection(ExtensibilityGlobals) = postSolution
		SolutionGuid = {2A7F46BD-6588-4112-9149-0B0C02B412DC}
	EndGlobalSection
EndGlobal
